
Microsoft Visual Studio Solution File, Format Version 12.00
# Visual Studio Version 17
VisualStudioVersion = 17.2.32526.322
MinimumVisualStudioVersion = 10.0.40219.1
Project("{FAE04EC0-301F-11D3-BF4B-00C04F79EFBC}") = "ExampleDatabase", "ExampleDatabase.csproj", "{A6402B05-06C7-4263-A4D4-11AE0A952308}"
EndProject
Global
	GlobalSection(SolutionConfigurationPlatforms) = preSolution
		Debug|Any CPU = Debug|Any CPU
		Release|Any CPU = Release|Any CPU
	EndGlobalSection
	GlobalSection(ProjectConfigurationPlatforms) = postSolution
		{A6402B05-06C7-4263-A4D4-11AE0A952308}.Debug|Any CPU.ActiveCfg = Debug|Any CPU
		{A6402B05-06C7-4263-A4D4-11AE0A952308}.Debug|Any CPU.Build.0 = Debug|Any CPU
		{A6402B05-06C7-4263-A4D4-11AE0A952308}.Release|Any CPU.ActiveCfg = Release|Any CPU
		{A6402B05-06C7-4263-A4D4-11AE0A952308}.Release|Any CPU.Build.0 = Release|Any CPU
	EndGlobalSection
	GlobalSection(SolutionProperties) = preSolution
		HideSolutionNode = FALSE
	EndGlobalSection
	GlobalSection(ExtensibilityGlobals) = postSolution
		SolutionGuid = {B8706887-8310-4750-A044-47C99B112AD3}
	EndGlobalSection
EndGlobal
